
Microsoft Visual Studio Solution File, Format Version 12.00
# Visual Studio Version 17
VisualStudioVersion = 17.2.32616.157
MinimumVisualStudioVersion = 10.0.40219.1
Project("{FAE04EC0-301F-11D3-BF4B-00C04F79EFBC}") = "ConsoleApp4", "ConsoleApp4\ConsoleApp4.csproj", "{5B2CC14D-4064-4C6D-8191-45D202E47E9A}"
EndProject
Global
	GlobalSection(SolutionConfigurationPlatforms) = preSolution
		Debug|Any CPU = Debug|Any CPU
		Release|Any CPU = Release|Any CPU
	EndGlobalSection
	GlobalSection(ProjectConfigurationPlatforms) = postSolution
		{5B2CC14D-4064-4C6D-8191-45D202E47E9A}.Debug|Any CPU.ActiveCfg = Debug|Any CPU
		{5B2CC14D-4064-4C6D-8191-45D202E47E9A}.Debug|Any CPU.Build.0 = Debug|Any CPU
		{5B2CC14D-4064-4C6D-8191-45D202E47E9A}.Release|Any CPU.ActiveCfg = Release|Any CPU
		{5B2CC14D-4064-4C6D-8191-45D202E47E9A}.Release|Any CPU.Build.0 = Release|Any CPU
	EndGlobalSection
	GlobalSection(SolutionProperties) = preSolution
		HideSolutionNode = FALSE
	EndGlobalSection
	GlobalSection(ExtensibilityGlobals) = postSolution
		SolutionGuid = {3FE15B3F-088A-4DA9-A821-26076F38B0E5}
	EndGlobalSection
EndGlobal
